
Microsoft Visual Studio Solution File, Format Version 12.00
# Visual Studio Version 17
VisualStudioVersion = 17.12.35527.113 d17.12
MinimumVisualStudioVersion = 10.0.40219.1
Project("{FAE04EC0-301F-11D3-BF4B-00C04F79EFBC}") = "Core", "Core\Core.csproj", "{B49B84BB-9779-4BB2-BFD4-D1D60AB7EBF4}"
EndProject
Project("{FAE04EC0-301F-11D3-BF4B-00C04F79EFBC}") = "Core.Test", "Core.Test\Core.Test.csproj", "{40BD7100-EFBE-4C38-BAE3-2F4517DBC5D7}"
	ProjectSection(ProjectDependencies) = postProject
		{B49B84BB-9779-4BB2-BFD4-D1D60AB7EBF4} = {B49B84BB-9779-4BB2-BFD4-D1D60AB7EBF4}
	EndProjectSection
EndProject
Global
	GlobalSection(SolutionConfigurationPlatforms) = preSolution
		Debug|Any CPU = Debug|Any CPU
		Release|Any CPU = Release|Any CPU
	EndGlobalSection
	GlobalSection(ProjectConfigurationPlatforms) = postSolution
		{B49B84BB-9779-4BB2-BFD4-D1D60AB7EBF4}.Debug|Any CPU.ActiveCfg = Debug|Any CPU
		{B49B84BB-9779-4BB2-BFD4-D1D60AB7EBF4}.Debug|Any CPU.Build.0 = Debug|Any CPU
		{B49B84BB-9779-4BB2-BFD4-D1D60AB7EBF4}.Release|Any CPU.ActiveCfg = Release|Any CPU
		{B49B84BB-9779-4BB2-BFD4-D1D60AB7EBF4}.Release|Any CPU.Build.0 = Release|Any CPU
		{40BD7100-EFBE-4C38-BAE3-2F4517DBC5D7}.Debug|Any CPU.ActiveCfg = Debug|Any CPU
		{40BD7100-EFBE-4C38-BAE3-2F4517DBC5D7}.Debug|Any CPU.Build.0 = Debug|Any CPU
		{40BD7100-EFBE-4C38-BAE3-2F4517DBC5D7}.Release|Any CPU.ActiveCfg = Release|Any CPU
		{40BD7100-EFBE-4C38-BAE3-2F4517DBC5D7}.Release|Any CPU.Build.0 = Release|Any CPU
	EndGlobalSection
	GlobalSection(SolutionProperties) = preSolution
		HideSolutionNode = FALSE
	EndGlobalSection
EndGlobal
